
Microsoft Visual Studio Solution File, Format Version 12.00
# Visual Studio Version 16
VisualStudioVersion = 16.0.32901.82
MinimumVisualStudioVersion = 10.0.40219.1
Project("{FAE04EC0-301F-11D3-BF4B-00C04F79EFBC}") = "MyThreads", "MyThreads\MyThreads.csproj", "{EDFB8ECC-C60A-4164-9F2B-2B1B3D2534DE}"
EndProject
Global
	GlobalSection(SolutionConfigurationPlatforms) = preSolution
		Debug|Any CPU = Debug|Any CPU
		Release|Any CPU = Release|Any CPU
	EndGlobalSection
	GlobalSection(ProjectConfigurationPlatforms) = postSolution
		{EDFB8ECC-C60A-4164-9F2B-2B1B3D2534DE}.Debug|Any CPU.ActiveCfg = Debug|Any CPU
		{EDFB8ECC-C60A-4164-9F2B-2B1B3D2534DE}.Debug|Any CPU.Build.0 = Debug|Any CPU
		{EDFB8ECC-C60A-4164-9F2B-2B1B3D2534DE}.Release|Any CPU.ActiveCfg = Release|Any CPU
		{EDFB8ECC-C60A-4164-9F2B-2B1B3D2534DE}.Release|Any CPU.Build.0 = Release|Any CPU
	EndGlobalSection
	GlobalSection(SolutionProperties) = preSolution
		HideSolutionNode = FALSE
	EndGlobalSection
	GlobalSection(ExtensibilityGlobals) = postSolution
		SolutionGuid = {81F34D0A-6A81-45E5-87E8-CC1FAEE17369}
	EndGlobalSection
EndGlobal
